// !$*UTF8*$!
{
	archiveVersion = 1;
	classes = {
	};
	objectVersion = 46;
	objects = {

/* Begin PBXBuildFile section */
		9865742B1AC55561006A82F6 /* main.m in Sources */ = {isa = PBXBuildFile; fileRef = 9865742A1AC55561006A82F6 /* main.m */; };
		9865742E1AC55561006A82F6 /* AppDelegate.m in Sources */ = {isa = PBXBuildFile; fileRef = 9865742D1AC55561006A82F6 /* AppDelegate.m */; };
		986574311AC55561006A82F6 /* ViewController.m in Sources */ = {isa = PBXBuildFile; fileRef = 986574301AC55561006A82F6 /* ViewController.m */; };
		986574341AC55561006A82F6 /* Main.storyboard in Resources */ = {isa = PBXBuildFile; fileRef = 986574321AC55561006A82F6 /* Main.storyboard */; };
		986574361AC55561006A82F6 /* Images.xcassets in Resources */ = {isa = PBXBuildFile; fileRef = 986574351AC55561006A82F6 /* Images.xcassets */; };
		986574451AC55562006A82F6 /* APISWebViewTests.m in Sources */ = {isa = PBXBuildFile; fileRef = 986574441AC55562006A82F6 /* APISWebViewTests.m */; };
		9865744F1AC559D2006A82F6 /* AppiariesSDK.framework in Frameworks */ = {isa = PBXBuildFile; fileRef = 9865744E1AC559D2006A82F6 /* AppiariesSDK.framework */; };
		986574511AC55A39006A82F6 /* MobileCoreServices.framework in Frameworks */ = {isa = PBXBuildFile; fileRef = 986574501AC55A39006A82F6 /* MobileCoreServices.framework */; };
		986574531AC55A41006A82F6 /* QuartzCore.framework in Frameworks */ = {isa = PBXBuildFile; fileRef = 986574521AC55A41006A82F6 /* QuartzCore.framework */; };
/* End PBXBuildFile section */

/* Begin PBXContainerItemProxy section */
		9865743F1AC55562006A82F6 /* PBXContainerItemProxy */ = {
			isa = PBXContainerItemProxy;
			containerPortal = 9865741D1AC55561006A82F6 /* Project object */;
			proxyType = 1;
			remoteGlobalIDString = 986574241AC55561006A82F6;
			remoteInfo = APISWebView;
		};
/* End PBXContainerItemProxy section */

/* Begin PBXFileReference section */
		986574251AC55561006A82F6 /* APISWebView.app */ = {isa = PBXFileReference; explicitFileType = wrapper.application; includeInIndex = 0; path = APISWebView.app; sourceTree = BUILT_PRODUCTS_DIR; };
		986574291AC55561006A82F6 /* Info.plist */ = {isa = PBXFileReference; lastKnownFileType = text.plist.xml; path = Info.plist; sourceTree = "<group>"; };
		9865742A1AC55561006A82F6 /* main.m */ = {isa = PBXFileReference; lastKnownFileType = sourcecode.c.objc; path = main.m; sourceTree = "<group>"; };
		9865742C1AC55561006A82F6 /* AppDelegate.h */ = {isa = PBXFileReference; lastKnownFileType = sourcecode.c.h; path = AppDelegate.h; sourceTree = "<group>"; };
		9865742D1AC55561006A82F6 /* AppDelegate.m */ = {isa = PBXFileReference; lastKnownFileType = sourcecode.c.objc; path = AppDelegate.m; sourceTree = "<group>"; };
		9865742F1AC55561006A82F6 /* ViewController.h */ = {isa = PBXFileReference; lastKnownFileType = sourcecode.c.h; path = ViewController.h; sourceTree = "<group>"; };
		986574301AC55561006A82F6 /* ViewController.m */ = {isa = PBXFileReference; lastKnownFileType = sourcecode.c.objc; path = ViewController.m; sourceTree = "<group>"; };
		986574331AC55561006A82F6 /* Base */ = {isa = PBXFileReference; lastKnownFileType = file.storyboard; name = Base; path = Base.lproj/Main.storyboard; sourceTree = "<group>"; };
		986574351AC55561006A82F6 /* Images.xcassets */ = {isa = PBXFileReference; lastKnownFileType = folder.assetcatalog; path = Images.xcassets; sourceTree = "<group>"; };
		9865743E1AC55562006A82F6 /* APISWebViewTests.xctest */ = {isa = PBXFileReference; explicitFileType = wrapper.cfbundle; includeInIndex = 0; path = APISWebViewTests.xctest; sourceTree = BUILT_PRODUCTS_DIR; };
		986574431AC55562006A82F6 /* Info.plist */ = {isa = PBXFileReference; lastKnownFileType = text.plist.xml; path = Info.plist; sourceTree = "<group>"; };
		986574441AC55562006A82F6 /* APISWebViewTests.m */ = {isa = PBXFileReference; lastKnownFileType = sourcecode.c.objc; path = APISWebViewTests.m; sourceTree = "<group>"; };
		9865744E1AC559D2006A82F6 /* AppiariesSDK.framework */ = {isa = PBXFileReference; lastKnownFileType = wrapper.framework; path = AppiariesSDK.framework; sourceTree = "<group>"; };
		986574501AC55A39006A82F6 /* MobileCoreServices.framework */ = {isa = PBXFileReference; lastKnownFileType = wrapper.framework; name = MobileCoreServices.framework; path = System/Library/Frameworks/MobileCoreServices.framework; sourceTree = SDKROOT; };
		986574521AC55A41006A82F6 /* QuartzCore.framework */ = {isa = PBXFileReference; lastKnownFileType = wrapper.framework; name = QuartzCore.framework; path = System/Library/Frameworks/QuartzCore.framework; sourceTree = SDKROOT; };
/* End PBXFileReference section */

/* Begin PBXFrameworksBuildPhase section */
		986574221AC55561006A82F6 /* Frameworks */ = {
			isa = PBXFrameworksBuildPhase;
			buildActionMask = 2147483647;
			files = (
				986574531AC55A41006A82F6 /* QuartzCore.framework in Frameworks */,
				986574511AC55A39006A82F6 /* MobileCoreServices.framework in Frameworks */,
				9865744F1AC559D2006A82F6 /* AppiariesSDK.framework in Frameworks */,
			);
			runOnlyForDeploymentPostprocessing = 0;
		};
		9865743B1AC55562006A82F6 /* Frameworks */ = {
			isa = PBXFrameworksBuildPhase;
			buildActionMask = 2147483647;
			files = (
			);
			runOnlyForDeploymentPostprocessing = 0;
		};
/* End PBXFrameworksBuildPhase section */

/* Begin PBXGroup section */
		9865741C1AC55561006A82F6 = {
			isa = PBXGroup;
			children = (
				986574521AC55A41006A82F6 /* QuartzCore.framework */,
				986574501AC55A39006A82F6 /* MobileCoreServices.framework */,
				986574271AC55561006A82F6 /* APISWebView */,
				986574411AC55562006A82F6 /* APISWebViewTests */,
				986574261AC55561006A82F6 /* Products */,
			);
			sourceTree = "<group>";
		};
		986574261AC55561006A82F6 /* Products */ = {
			isa = PBXGroup;
			children = (
				986574251AC55561006A82F6 /* APISWebView.app */,
				9865743E1AC55562006A82F6 /* APISWebViewTests.xctest */,
			);
			name = Products;
			sourceTree = "<group>";
		};
		986574271AC55561006A82F6 /* APISWebView */ = {
			isa = PBXGroup;
			children = (
				9865744E1AC559D2006A82F6 /* AppiariesSDK.framework */,
				9865742C1AC55561006A82F6 /* AppDelegate.h */,
				9865742D1AC55561006A82F6 /* AppDelegate.m */,
				9865742F1AC55561006A82F6 /* ViewController.h */,
				986574301AC55561006A82F6 /* ViewController.m */,
				986574321AC55561006A82F6 /* Main.storyboard */,
				986574351AC55561006A82F6 /* Images.xcassets */,
				986574281AC55561006A82F6 /* Supporting Files */,
			);
			path = APISWebView;
			sourceTree = "<group>";
		};
		986574281AC55561006A82F6 /* Supporting Files */ = {
			isa = PBXGroup;
			children = (
				986574291AC55561006A82F6 /* Info.plist */,
				9865742A1AC55561006A82F6 /* main.m */,
			);
			name = "Supporting Files";
			sourceTree = "<group>";
		};
		986574411AC55562006A82F6 /* APISWebViewTests */ = {
			isa = PBXGroup;
			children = (
				986574441AC55562006A82F6 /* APISWebViewTests.m */,
				986574421AC55562006A82F6 /* Supporting Files */,
			);
			path = APISWebViewTests;
			sourceTree = "<group>";
		};
		986574421AC55562006A82F6 /* Supporting Files */ = {
			isa = PBXGroup;
			children = (
				986574431AC55562006A82F6 /* Info.plist */,
			);
			name = "Supporting Files";
			sourceTree = "<group>";
		};
/* End PBXGroup section */

/* Begin PBXNativeTarget section */
		986574241AC55561006A82F6 /* APISWebView */ = {
			isa = PBXNativeTarget;
			buildConfigurationList = 986574481AC55562006A82F6 /* Build configuration list for PBXNativeTarget "APISWebView" */;
			buildPhases = (
				986574211AC55561006A82F6 /* Sources */,
				986574221AC55561006A82F6 /* Frameworks */,
				986574231AC55561006A82F6 /* Resources */,
			);
			buildRules = (
			);
			dependencies = (
			);
			name = APISWebView;
			productName = APISWebView;
			productReference = 986574251AC55561006A82F6 /* APISWebView.app */;
			productType = "com.apple.product-type.application";
		};
		9865743D1AC55562006A82F6 /* APISWebViewTests */ = {
			isa = PBXNativeTarget;
			buildConfigurationList = 9865744B1AC55562006A82F6 /* Build configuration list for PBXNativeTarget "APISWebViewTests" */;
			buildPhases = (
				9865743A1AC55562006A82F6 /* Sources */,
				9865743B1AC55562006A82F6 /* Frameworks */,
				9865743C1AC55562006A82F6 /* Resources */,
			);
			buildRules = (
			);
			dependencies = (
				986574401AC55562006A82F6 /* PBXTargetDependency */,
			);
			name = APISWebViewTests;
			productName = APISWebViewTests;
			productReference = 9865743E1AC55562006A82F6 /* APISWebViewTests.xctest */;
			productType = "com.apple.product-type.bundle.unit-test";
		};
/* End PBXNativeTarget section */

/* Begin PBXProject section */
		9865741D1AC55561006A82F6 /* Project object */ = {
			isa = PBXProject;
			attributes = {
				LastUpgradeCheck = 0620;
				ORGANIZATIONNAME = "Yoji Ueda";
				TargetAttributes = {
					986574241AC55561006A82F6 = {
						CreatedOnToolsVersion = 6.2;
					};
					9865743D1AC55562006A82F6 = {
						CreatedOnToolsVersion = 6.2;
						TestTargetID = 986574241AC55561006A82F6;
					};
				};
			};
			buildConfigurationList = 986574201AC55561006A82F6 /* Build configuration list for PBXProject "APISWebView" */;
			compatibilityVersion = "Xcode 3.2";
			developmentRegion = English;
			hasScannedForEncodings = 0;
			knownRegions = (
				en,
				Base,
			);
			mainGroup = 9865741C1AC55561006A82F6;
			productRefGroup = 986574261AC55561006A82F6 /* Products */;
			projectDirPath = "";
			projectRoot = "";
			targets = (
				986574241AC55561006A82F6 /* APISWebView */,
				9865743D1AC55562006A82F6 /* APISWebViewTests */,
			);
		};
/* End PBXProject section */

/* Begin PBXResourcesBuildPhase section */
		986574231AC55561006A82F6 /* Resources */ = {
			isa = PBXResourcesBuildPhase;
			buildActionMask = 2147483647;
			files = (
				986574341AC55561006A82F6 /* Main.storyboard in Resources */,
				986574361AC55561006A82F6 /* Images.xcassets in Resources */,
			);
			runOnlyForDeploymentPostprocessing = 0;
		};
		9865743C1AC55562006A82F6 /* Resources */ = {
			isa = PBXResourcesBuildPhase;
			buildActionMask = 2147483647;
			files = (
			);
			runOnlyForDeploymentPostprocessing = 0;
		};
/* End PBXResourcesBuildPhase section */

/* Begin PBXSourcesBuildPhase section */
		986574211AC55561006A82F6 /* Sources */ = {
			isa = PBXSourcesBuildPhase;
			buildActionMask = 2147483647;
			files = (
				986574311AC55561006A82F6 /* ViewController.m in Sources */,
				9865742E1AC55561006A82F6 /* AppDelegate.m in Sources */,
				9865742B1AC55561006A82F6 /* main.m in Sources */,
			);
			runOnlyForDeploymentPostprocessing = 0;
		};
		9865743A1AC55562006A82F6 /* Sources */ = {
			isa = PBXSourcesBuildPhase;
			buildActionMask = 2147483647;
			files = (
				986574451AC55562006A82F6 /* APISWebViewTests.m in Sources */,
			);
			runOnlyForDeploymentPostprocessing = 0;
		};
/* End PBXSourcesBuildPhase section */

/* Begin PBXTargetDependency section */
		986574401AC55562006A82F6 /* PBXTargetDependency */ = {
			isa = PBXTargetDependency;
			target = 986574241AC55561006A82F6 /* APISWebView */;
			targetProxy = 9865743F1AC55562006A82F6 /* PBXContainerItemProxy */;
		};
/* End PBXTargetDependency section */

/* Begin PBXVariantGroup section */
		986574321AC55561006A82F6 /* Main.storyboard */ = {
			isa = PBXVariantGroup;
			children = (
				986574331AC55561006A82F6 /* Base */,
			);
			name = Main.storyboard;
			sourceTree = "<group>";
		};
/* End PBXVariantGroup section */

/* Begin XCBuildConfiguration section */
		986574461AC55562006A82F6 /* Debug */ = {
			isa = XCBuildConfiguration;
			buildSettings = {
				ALWAYS_SEARCH_USER_PATHS = NO;
				CLANG_CXX_LANGUAGE_STANDARD = "gnu++0x";
				CLANG_CXX_LIBRARY = "libc++";
				CLANG_ENABLE_MODULES = YES;
				CLANG_ENABLE_OBJC_ARC = YES;
				CLANG_WARN_BOOL_CONVERSION = YES;
				CLANG_WARN_CONSTANT_CONVERSION = YES;
				CLANG_WARN_DIRECT_OBJC_ISA_USAGE = YES_ERROR;
				CLANG_WARN_EMPTY_BODY = YES;
				CLANG_WARN_ENUM_CONVERSION = YES;
				CLANG_WARN_INT_CONVERSION = YES;
				CLANG_WARN_OBJC_ROOT_CLASS = YES_ERROR;
				CLANG_WARN_UNREACHABLE_CODE = YES;
				CLANG_WARN__DUPLICATE_METHOD_MATCH = YES;
				"CODE_SIGN_IDENTITY[sdk=iphoneos*]" = "iPhone Developer";
				COPY_PHASE_STRIP = NO;
				ENABLE_STRICT_OBJC_MSGSEND = YES;
				GCC_C_LANGUAGE_STANDARD = gnu99;
				GCC_DYNAMIC_NO_PIC = NO;
				GCC_OPTIMIZATION_LEVEL = 0;
				GCC_PREPROCESSOR_DEFINITIONS = (
					"DEBUG=1",
					"$(inherited)",
				);
				GCC_SYMBOLS_PRIVATE_EXTERN = NO;
				GCC_WARN_64_TO_32_BIT_CONVERSION = YES;
				GCC_WARN_ABOUT_RETURN_TYPE = YES_ERROR;
				GCC_WARN_UNDECLARED_SELECTOR = YES;
				GCC_WARN_UNINITIALIZED_AUTOS = YES_AGGRESSIVE;
				GCC_WARN_UNUSED_FUNCTION = YES;
				GCC_WARN_UNUSED_VARIABLE = YES;
				IPHONEOS_DEPLOYMENT_TARGET = 7.0;
				MTL_ENABLE_DEBUG_INFO = YES;
				ONLY_ACTIVE_ARCH = YES;
				PROVISIONING_PROFILE = "cca343e9-bc4a-48e3-8564-ae82ca64075f";
				SDKROOT = iphoneos;
				TARGETED_DEVICE_FAMILY = "1,2";
			};
			name = Debug;
		};
		986574471AC55562006A82F6 /* Release */ = {
			isa = XCBuildConfiguration;
			buildSettings = {
				ALWAYS_SEARCH_USER_PATHS = NO;
				CLANG_CXX_LANGUAGE_STANDARD = "gnu++0x";
				CLANG_CXX_LIBRARY = "libc++";
				CLANG_ENABLE_MODULES = YES;
				CLANG_ENABLE_OBJC_ARC = YES;
				CLANG_WARN_BOOL_CONVERSION = YES;
				CLANG_WARN_CONSTANT_CONVERSION = YES;
				CLANG_WARN_DIRECT_OBJC_ISA_USAGE = YES_ERROR;
				CLANG_WARN_EMPTY_BODY = YES;
				CLANG_WARN_ENUM_CONVERSION = YES;
				CLANG_WARN_INT_CONVERSION = YES;
				CLANG_WARN_OBJC_ROOT_CLASS = YES_ERROR;
				CLANG_WARN_UNREACHABLE_CODE = YES;
				CLANG_WARN__DUPLICATE_METHOD_MATCH = YES;
				"CODE_SIGN_IDENTITY[sdk=iphoneos*]" = "iPhone Developer";
				COPY_PHASE_STRIP = NO;
				ENABLE_NS_ASSERTIONS = NO;
				ENABLE_STRICT_OBJC_MSGSEND = YES;
				GCC_C_LANGUAGE_STANDARD = gnu99;
				GCC_WARN_64_TO_32_BIT_CONVERSION = YES;
				GCC_WARN_ABOUT_RETURN_TYPE = YES_ERROR;
				GCC_WARN_UNDECLARED_SELECTOR = YES;
				GCC_WARN_UNINITIALIZED_AUTOS = YES_AGGRESSIVE;
				GCC_WARN_UNUSED_FUNCTION = YES;
				GCC_WARN_UNUSED_VARIABLE = YES;
				IPHONEOS_DEPLOYMENT_TARGET = 7.0;
				MTL_ENABLE_DEBUG_INFO = NO;
				PROVISIONING_PROFILE = "cca343e9-bc4a-48e3-8564-ae82ca64075f";
				SDKROOT = iphoneos;
				TARGETED_DEVICE_FAMILY = "1,2";
				VALIDATE_PRODUCT = YES;
			};
			name = Release;
		};
		986574491AC55562006A82F6 /* Debug */ = {
			isa = XCBuildConfiguration;
			buildSettings = {
				ASSETCATALOG_COMPILER_APPICON_NAME = AppIcon;
				ASSETCATALOG_COMPILER_LAUNCHIMAGE_NAME = LaunchImage;
				FRAMEWORK_SEARCH_PATHS = (
					"$(inherited)",
					"$(PROJECT_DIR)/APISWebView",
				);
				INFOPLIST_FILE = APISWebView/Info.plist;
				LD_RUNPATH_SEARCH_PATHS = "$(inherited) @executable_path/Frameworks";
				OTHER_LDFLAGS = "-ObjC";
				PRODUCT_NAME = "$(TARGET_NAME)";
			};
			name = Debug;
		};
		9865744A1AC55562006A82F6 /* Release */ = {
			isa = XCBuildConfiguration;
			buildSettings = {
				ASSETCATALOG_COMPILER_APPICON_NAME = AppIcon;
				ASSETCATALOG_COMPILER_LAUNCHIMAGE_NAME = LaunchImage;
				FRAMEWORK_SEARCH_PATHS = (
					"$(inherited)",
					"$(PROJECT_DIR)/APISWebView",
				);
				INFOPLIST_FILE = APISWebView/Info.plist;
				LD_RUNPATH_SEARCH_PATHS = "$(inherited) @executable_path/Frameworks";
				OTHER_LDFLAGS = "-ObjC";
				PRODUCT_NAME = "$(TARGET_NAME)";
			};
			name = Release;
		};
		9865744C1AC55562006A82F6 /* Debug */ = {
			isa = XCBuildConfiguration;
			buildSettings = {
				FRAMEWORK_SEARCH_PATHS = (
					"$(SDKROOT)/Developer/Library/Frameworks",
					"$(inherited)",
				);
				GCC_PREPROCESSOR_DEFINITIONS = (
					"DEBUG=1",
					"$(inherited)",
				);
				INFOPLIST_FILE = APISWebViewTests/Info.plist;
				LD_RUNPATH_SEARCH_PATHS = "$(inherited) @executable_path/Frameworks @loader_path/Frameworks";
				PRODUCT_NAME = "$(TARGET_NAME)";
				PROVISIONING_PROFILE = "";
				TEST_HOST = "$(BUILT_PRODUCTS_DIR)/APISWebView.app/APISWebView";
			};
			name = Debug;
		};
		9865744D1AC55562006A82F6 /* Release */ = {
			isa = XCBuildConfiguration;
			buildSettings = {
				FRAMEWORK_SEARCH_PATHS = (
					"$(SDKROOT)/Developer/Library/Frameworks",
					"$(inherited)",
				);
				INFOPLIST_FILE = APISWebViewTests/Info.plist;
				LD_RUNPATH_SEARCH_PATHS = "$(inherited) @executable_path/Frameworks @loader_path/Frameworks";
				PRODUCT_NAME = "$(TARGET_NAME)";
				PROVISIONING_PROFILE = "";
				TEST_HOST = "$(BUILT_PRODUCTS_DIR)/APISWebView.app/APISWebView";
			};
			name = Release;
		};
/* End XCBuildConfiguration section */

/* Begin XCConfigurationList section */
		986574201AC55561006A82F6 /* Build configuration list for PBXProject "APISWebView" */ = {
			isa = XCConfigurationList;
			buildConfigurations = (
				986574461AC55562006A82F6 /* Debug */,
				986574471AC55562006A82F6 /* Release */,
			);
			defaultConfigurationIsVisible = 0;
			defaultConfigurationName = Release;
		};
		986574481AC55562006A82F6 /* Build configuration list for PBXNativeTarget "APISWebView" */ = {
			isa = XCConfigurationList;
			buildConfigurations = (
				986574491AC55562006A82F6 /* Debug */,
				9865744A1AC55562006A82F6 /* Release */,
			);
			defaultConfigurationIsVisible = 0;
			defaultConfigurationName = Release;
		};
		9865744B1AC55562006A82F6 /* Build configuration list for PBXNativeTarget "APISWebViewTests" */ = {
			isa = XCConfigurationList;
			buildConfigurations = (
				9865744C1AC55562006A82F6 /* Debug */,
				9865744D1AC55562006A82F6 /* Release */,
			);
			defaultConfigurationIsVisible = 0;
			defaultConfigurationName = Release;
		};
/* End XCConfigurationList section */
	};
	rootObject = 9865741D1AC55561006A82F6 /* Project object */;
}
